{
  "name": "wiredjs",
  "version": "0.9.1",
  "lockfileVersion": 1,
  "requires": true,
  "dependencies": {
    "@babel/code-frame": {
      "version": "7.5.5",
      "resolved": "https://registry.npmjs.org/@babel/code-frame/-/code-frame-7.5.5.tgz",
      "integrity": "sha512-27d4lZoomVyo51VegxI20xZPuSHusqbQag/ztrBC7wegWoQ1nLREPVSKSW8byhTlzTKyNE4ifaTA6lCp7JjpFw==",
      "dev": true,
      "requires": {
        "@babel/highlight": "^7.0.0"
      }
    },
    "@babel/highlight": {
      "version": "7.5.0",
      "resolved": "https://registry.npmjs.org/@babel/highlight/-/highlight-7.5.0.tgz",
      "integrity": "sha512-7dV4eu9gBxoM0dAnj/BCFDW9LFU0zvTrkq0ugM7pnHEgguOEeOz1so2ZghEdzviYzQEED0r4EAgpsBChKy1TRQ==",
      "dev": true,
      "requires": {
        "chalk": "^2.0.0",
        "esutils": "^2.0.2",
        "js-tokens": "^4.0.0"
      }
    },
    "@types/estree": {
      "version": "0.0.39",
      "resolved": "https://registry.npmjs.org/@types/estree/-/estree-0.0.39.tgz",
      "integrity": "sha512-EYNwp3bU+98cpU4lAWYYL7Zz+2gryWH1qbdDTidVd6hkiR6weksdbMadyXKXNPEkQFhXM+hVO9ZygomHXp+AIw==",
      "dev": true
    },
    "@types/node": {
      "version": "12.11.1",
      "resolved": "https://registry.npmjs.org/@types/node/-/node-12.11.1.tgz",
      "integrity": "sha512-TJtwsqZ39pqcljJpajeoofYRfeZ7/I/OMUQ5pR4q5wOKf2ocrUvBAZUMhWsOvKx3dVc/aaV5GluBivt0sWqA5A==",
      "dev": true
    },
    "@types/resolve": {
      "version": "0.0.8",
      "resolved": "https://registry.npmjs.org/@types/resolve/-/resolve-0.0.8.tgz",
      "integrity": "sha512-auApPaJf3NPfe18hSoJkp8EbZzer2ISk7o8mCC3M9he/a04+gbMF97NkpD2S8riMGvm4BMRI59/SZQSaLTKpsQ==",
      "dev": true,
      "requires": {
        "@types/node": "*"
      }
    },
    "@webcomponents/webcomponentsjs": {
      "version": "2.3.0",
      "resolved": "https://registry.npmjs.org/@webcomponents/webcomponentsjs/-/webcomponentsjs-2.3.0.tgz",
      "integrity": "sha512-sR6FOrNnnncRuoJDqq9QxtRsJMbIvASw4vnJwIYKVlKO3AMc+NAr/bIQNnUiTTE9pBDTJkFpVaUdjJaRdsjmyA==",
      "dev": true
    },
    "acorn": {
      "version": "7.1.0",
      "resolved": "https://registry.npmjs.org/acorn/-/acorn-7.1.0.tgz",
      "integrity": "sha512-kL5CuoXA/dgxlBbVrflsflzQ3PAas7RYZB52NOm/6839iVYJgKMJ3cQJD+t2i5+qFa8h3MDpEOJiS64E8JLnSQ==",
      "dev": true
    },
    "ansi-styles": {
      "version": "3.2.1",
      "resolved": "https://registry.npmjs.org/ansi-styles/-/ansi-styles-3.2.1.tgz",
      "integrity": "sha512-VT0ZI6kZRdTh8YyJw3SMbYm/u+NqfsAxEpWO0Pf9sq8/e94WxxOpPKx9FR1FlyCtOVDNOQ+8ntlqFxiRc+r5qA==",
      "dev": true,
      "requires": {
        "color-convert": "^1.9.0"
      }
    },
    "buffer-from": {
      "version": "1.1.1",
      "resolved": "https://registry.npmjs.org/buffer-from/-/buffer-from-1.1.1.tgz",
      "integrity": "sha512-MQcXEUbCKtEo7bhqEs6560Hyd4XaovZlO/k9V3hjVUF/zwW7KBVdSK4gIt/bzwS9MbR5qob+F5jusZsb0YQK2A==",
      "dev": true
    },
    "builtin-modules": {
      "version": "3.1.0",
      "resolved": "https://registry.npmjs.org/builtin-modules/-/builtin-modules-3.1.0.tgz",
      "integrity": "sha512-k0KL0aWZuBt2lrxrcASWDfwOLMnodeQjodT/1SxEQAXsHANgo6ZC/VEaSEHCXt7aSTZ4/4H5LKa+tBXmW7Vtvw==",
      "dev": true
    },
    "chalk": {
      "version": "2.4.2",
      "resolved": "https://registry.npmjs.org/chalk/-/chalk-2.4.2.tgz",
      "integrity": "sha512-Mti+f9lpJNcwF4tWV8/OrTTtF1gZi+f8FqlyAdouralcFWFQWF2+NgCHShjkCb+IFBLq9buZwE1xckQU4peSuQ==",
      "dev": true,
      "requires": {
        "ansi-styles": "^3.2.1",
        "escape-string-regexp": "^1.0.5",
        "supports-color": "^5.3.0"
      }
    },
    "color-convert": {
      "version": "1.9.3",
      "resolved": "https://registry.npmjs.org/color-convert/-/color-convert-1.9.3.tgz",
      "integrity": "sha512-QfAUtd+vFdAtFQcC8CCyYt1fYWxSqAiK2cSD6zDB8N3cpsEBAvRxp9zOGg6G/SHHJYAT88/az/IuDGALsNVbGg==",
      "dev": true,
      "requires": {
        "color-name": "1.1.3"
      }
    },
    "color-name": {
      "version": "1.1.3",
      "resolved": "https://registry.npmjs.org/color-name/-/color-name-1.1.3.tgz",
      "integrity": "sha1-p9BVi9icQveV3UIyj3QIMcpTvCU=",
      "dev": true
    },
    "commander": {
      "version": "2.20.3",
      "resolved": "https://registry.npmjs.org/commander/-/commander-2.20.3.tgz",
      "integrity": "sha512-GpVkmM8vF2vQUkj2LvZmD35JxeJOLCwJ9cUkugyk2nuhbv3+mJvpLYYt+0+USMxE+oj+ey/lJEnhZw75x/OMcQ==",
      "dev": true
    },
    "escape-string-regexp": {
      "version": "1.0.5",
      "resolved": "https://registry.npmjs.org/escape-string-regexp/-/escape-string-regexp-1.0.5.tgz",
      "integrity": "sha1-G2HAViGQqN/2rjuyzwIAyhMLhtQ=",
      "dev": true
    },
    "estree-walker": {
      "version": "0.6.1",
      "resolved": "https://registry.npmjs.org/estree-walker/-/estree-walker-0.6.1.tgz",
      "integrity": "sha512-SqmZANLWS0mnatqbSfRP5g8OXZC12Fgg1IwNtLsyHDzJizORW4khDfjPqJZsemPWBB2uqykUah5YpQ6epsqC/w==",
      "dev": true
    },
    "esutils": {
      "version": "2.0.3",
      "resolved": "https://registry.npmjs.org/esutils/-/esutils-2.0.3.tgz",
      "integrity": "sha512-kVscqXk4OCp68SZ0dkgEKVi6/8ij300KBWTJq32P/dYeWTSwK41WyTxalN1eRmA5Z9UU/LX9D7FWSmV9SAYx6g==",
      "dev": true
    },
    "has-flag": {
      "version": "3.0.0",
      "resolved": "https://registry.npmjs.org/has-flag/-/has-flag-3.0.0.tgz",
      "integrity": "sha1-tdRU3CGZriJWmfNGfloH87lVuv0=",
      "dev": true
    },
    "is-module": {
      "version": "1.0.0",
      "resolved": "https://registry.npmjs.org/is-module/-/is-module-1.0.0.tgz",
      "integrity": "sha1-Mlj7afeMFNW4FdZkM2tM/7ZEFZE=",
      "dev": true
    },
    "jest-worker": {
      "version": "24.9.0",
      "resolved": "https://registry.npmjs.org/jest-worker/-/jest-worker-24.9.0.tgz",
      "integrity": "sha512-51PE4haMSXcHohnSMdM42anbvZANYTqMrr52tVKPqqsPJMzoP6FYYDVqahX/HrAoKEKz3uUPzSvKs9A3qR4iVw==",
      "dev": true,
      "requires": {
        "merge-stream": "^2.0.0",
        "supports-color": "^6.1.0"
      },
      "dependencies": {
        "supports-color": {
          "version": "6.1.0",
          "resolved": "https://registry.npmjs.org/supports-color/-/supports-color-6.1.0.tgz",
          "integrity": "sha512-qe1jfm1Mg7Nq/NSh6XE24gPXROEVsWHxC1LIx//XNlD9iw7YZQGjZNjYN7xGaEG6iKdA8EtNFW6R0gjnVXp+wQ==",
          "dev": true,
          "requires": {
            "has-flag": "^3.0.0"
          }
        }
      }
    },
    "js-tokens": {
      "version": "4.0.0",
      "resolved": "https://registry.npmjs.org/js-tokens/-/js-tokens-4.0.0.tgz",
      "integrity": "sha512-RdJUflcE3cUzKiMqQgsCu06FPu9UdIJO0beYbPhHN4k6apgJtifcoCtT9bcxOpYBtpD2kCM6Sbzg4CausW/PKQ==",
      "dev": true
    },
    "lit-element": {
      "version": "2.2.1",
      "resolved": "https://registry.npmjs.org/lit-element/-/lit-element-2.2.1.tgz",
      "integrity": "sha512-ipDcgQ1EpW6Va2Z6dWm79jYdimVepO5GL0eYkZrFvdr0OD/1N260Q9DH+K5HXHFrRoC7dOg+ZpED2XE0TgGdXw==",
      "requires": {
        "lit-html": "^1.0.0"
      }
    },
    "lit-html": {
      "version": "1.1.2",
      "resolved": "https://registry.npmjs.org/lit-html/-/lit-html-1.1.2.tgz",
      "integrity": "sha512-FFlUMKHKi+qG1x1iHNZ1hrtc/zHmfYTyrSvs3/wBTvaNtpZjOZGWzU7efGYVpgp6KvWeKF6ql9/KsCq6Z/mEDA=="
    },
    "merge-stream": {
      "version": "2.0.0",
      "resolved": "https://registry.npmjs.org/merge-stream/-/merge-stream-2.0.0.tgz",
      "integrity": "sha512-abv/qOcuPfk3URPfDzmZU1LKmuw8kT+0nIHvKrKgFrwifol/doWcdA4ZqsWQ8ENrFKkd67Mfpo/LovbIUsbt3w==",
      "dev": true
    },
    "path-parse": {
      "version": "1.0.6",
      "resolved": "https://registry.npmjs.org/path-parse/-/path-parse-1.0.6.tgz",
      "integrity": "sha512-GSmOT2EbHrINBf9SR7CDELwlJ8AENk3Qn7OikK4nFYAu3Ote2+JYNVvkpAEQm3/TLNEJFD/xZJjzyxg3KBWOzw==",
      "dev": true
    },
    "resolve": {
      "version": "1.12.0",
      "resolved": "https://registry.npmjs.org/resolve/-/resolve-1.12.0.tgz",
      "integrity": "sha512-B/dOmuoAik5bKcD6s6nXDCjzUKnaDvdkRyAk6rsmsKLipWj4797iothd7jmmUhWTfinVMU+wc56rYKsit2Qy4w==",
      "dev": true,
      "requires": {
        "path-parse": "^1.0.6"
      }
    },
    "rollup": {
      "version": "1.25.0",
      "resolved": "https://registry.npmjs.org/rollup/-/rollup-1.25.0.tgz",
      "integrity": "sha512-tcf5ThhnhOUaNrxBSABvaaX9uC8hNxgyJpJmDIXaCkKHq/nPocaDz/4F/KBDiUpOt/ThvUxFrUq3XkyWiyXQiQ==",
      "dev": true,
      "requires": {
        "@types/estree": "*",
        "@types/node": "*",
        "acorn": "^7.1.0"
      }
    },
    "rollup-plugin-node-resolve": {
      "version": "5.2.0",
      "resolved": "https://registry.npmjs.org/rollup-plugin-node-resolve/-/rollup-plugin-node-resolve-5.2.0.tgz",
      "integrity": "sha512-jUlyaDXts7TW2CqQ4GaO5VJ4PwwaV8VUGA7+km3n6k6xtOEacf61u0VXwN80phY/evMcaS+9eIeJ9MOyDxt5Zw==",
      "dev": true,
      "requires": {
        "@types/resolve": "0.0.8",
        "builtin-modules": "^3.1.0",
        "is-module": "^1.0.0",
        "resolve": "^1.11.1",
        "rollup-pluginutils": "^2.8.1"
      }
    },
    "rollup-plugin-terser": {
      "version": "5.1.2",
      "resolved": "https://registry.npmjs.org/rollup-plugin-terser/-/rollup-plugin-terser-5.1.2.tgz",
      "integrity": "sha512-sWKBCOS+vUkRtHtEiJPAf+WnBqk/C402fBD9AVHxSIXMqjsY7MnYWKYEUqGixtr0c8+1DjzUEPlNgOYQPVrS1g==",
      "dev": true,
      "requires": {
        "@babel/code-frame": "^7.0.0",
        "jest-worker": "^24.6.0",
        "rollup-pluginutils": "^2.8.1",
        "serialize-javascript": "^1.7.0",
        "terser": "^4.1.0"
      }
    },
    "rollup-pluginutils": {
      "version": "2.8.2",
      "resolved": "https://registry.npmjs.org/rollup-pluginutils/-/rollup-pluginutils-2.8.2.tgz",
      "integrity": "sha512-EEp9NhnUkwY8aif6bxgovPHMoMoNr2FulJziTndpt5H9RdwC47GSGuII9XxpSdzVGM0GWrNPHV6ie1LTNJPaLQ==",
      "dev": true,
      "requires": {
        "estree-walker": "^0.6.1"
      }
    },
    "roughjs": {
      "version": "3.1.0",
      "resolved": "https://registry.npmjs.org/roughjs/-/roughjs-3.1.0.tgz",
      "integrity": "sha512-WJIKyWxBlEIuMeK0foUZD1KVYzT6Dn62ksawZrlu3BzxUxgtPdnlCMDgX/C3N5gxj/AMRazstKOFm70tqTo5Bw==",
      "requires": {
        "workly": "^1.2.0"
      }
    },
    "serialize-javascript": {
      "version": "1.9.1",
      "resolved": "https://registry.npmjs.org/serialize-javascript/-/serialize-javascript-1.9.1.tgz",
      "integrity": "sha512-0Vb/54WJ6k5v8sSWN09S0ora+Hnr+cX40r9F170nT+mSkaxltoE/7R3OrIdBSUv1OoiobH1QoWQbCnAO+e8J1A==",
      "dev": true
    },
    "source-map": {
      "version": "0.6.1",
      "resolved": "https://registry.npmjs.org/source-map/-/source-map-0.6.1.tgz",
      "integrity": "sha512-UjgapumWlbMhkBgzT7Ykc5YXUT46F0iKu8SGXq0bcwP5dz/h0Plj6enJqjz1Zbq2l5WaqYnrVbwWOWMyF3F47g==",
      "dev": true
    },
    "source-map-support": {
      "version": "0.5.13",
      "resolved": "https://registry.npmjs.org/source-map-support/-/source-map-support-0.5.13.tgz",
      "integrity": "sha512-SHSKFHadjVA5oR4PPqhtAVdcBWwRYVd6g6cAXnIbRiIwc2EhPrTuKUBdSLvlEKyIP3GCf89fltvcZiP9MMFA1w==",
      "dev": true,
      "requires": {
        "buffer-from": "^1.0.0",
        "source-map": "^0.6.0"
      }
    },
    "supports-color": {
      "version": "5.5.0",
      "resolved": "https://registry.npmjs.org/supports-color/-/supports-color-5.5.0.tgz",
      "integrity": "sha512-QjVjwdXIt408MIiAqCX4oUKsgU2EqAGzs2Ppkm4aQYbjm+ZEWEcW4SfFNTr4uMNZma0ey4f5lgLrkB0aX0QMow==",
      "dev": true,
      "requires": {
        "has-flag": "^3.0.0"
      }
    },
    "terser": {
      "version": "4.3.9",
      "resolved": "https://registry.npmjs.org/terser/-/terser-4.3.9.tgz",
      "integrity": "sha512-NFGMpHjlzmyOtPL+fDw3G7+6Ueh/sz4mkaUYa4lJCxOPTNzd0Uj0aZJOmsDYoSQyfuVoWDMSWTPU3huyOm2zdA==",
      "dev": true,
      "requires": {
        "commander": "^2.20.0",
        "source-map": "~0.6.1",
        "source-map-support": "~0.5.12"
      }
    },
    "wired-button": {
      "version": "2.0.0-alpha.3",
      "resolved": "https://registry.npmjs.org/wired-button/-/wired-button-2.0.0-alpha.3.tgz",
      "integrity": "sha512-o91TcHrSyvxbG/J7MCQBeJtZyvOc0sHY51dIfNR+WnPpEx/liY6QZOb7bJabk1S6Obb0TwmGzj2vZ18P3OEZlw==",
      "requires": {
        "wired-lib": "^2.0.0-alpha.1"
      }
    },
    "wired-calendar": {
      "version": "2.0.0-alpha.1",
      "resolved": "https://registry.npmjs.org/wired-calendar/-/wired-calendar-2.0.0-alpha.1.tgz",
      "integrity": "sha512-rRdLgfItSnjCfRqBMRxV7AGwCkO3MmJ5nJe1gF5eXUoIEx4LbMqfZEeJ+Zyzr6nIJa8C5MNV5x0uFMIgeJswxg==",
      "requires": {
        "wired-lib": "^2.0.0-alpha.1"
      }
    },
    "wired-card": {
      "version": "2.0.0-alpha.1",
      "resolved": "https://registry.npmjs.org/wired-card/-/wired-card-2.0.0-alpha.1.tgz",
      "integrity": "sha512-LDwenfulSTvXcw76Jn8k8CxjNFtiuRyqdYCYkfrT62nsxmLs6ESRWddFzG1b4ItkoBYYBFj4cI0xTLN5Jt4TcA==",
      "requires": {
        "wired-lib": "^2.0.0-alpha.1"
      }
    },
    "wired-checkbox": {
      "version": "2.0.0-alpha.1",
      "resolved": "https://registry.npmjs.org/wired-checkbox/-/wired-checkbox-2.0.0-alpha.1.tgz",
      "integrity": "sha512-8FtxfM1eHPxqUO0/NCLiL9W1rfAzGL7JimjeWZebgriogcMLIiHn3rmGEE74rj97TICieoU7e9bTtysmMf/7WQ==",
      "requires": {
        "wired-lib": "^2.0.0-alpha.1"
      }
    },
    "wired-combo": {
      "version": "2.0.0-alpha.4",
      "resolved": "https://registry.npmjs.org/wired-combo/-/wired-combo-2.0.0-alpha.4.tgz",
      "integrity": "sha512-VxyyTnvMstWEK2MyDoEZusa5SONCY1jDUX+wXfPiD5uuwmWtl9EzUOH2zpzoBfj+lE1uNu/6gfy4sW9PfceCuQ==",
      "requires": {
        "wired-card": "^2.0.0-alpha.1",
        "wired-lib": "^2.0.0-alpha.1"
      }
    },
    "wired-dialog": {
      "version": "2.0.0-alpha.1",
      "resolved": "https://registry.npmjs.org/wired-dialog/-/wired-dialog-2.0.0-alpha.1.tgz",
      "integrity": "sha512-swIyxtxPtVlYqn/xBraKi8hw6LlcJHfrMRsPPyY34OXENu/DowLwGTDTJzdTPHkI5r4wWLX8Uy71PPVBtj426g==",
      "requires": {
        "wired-card": "^2.0.0-alpha.1"
      }
    },
    "wired-divider": {
      "version": "2.0.0-alpha.1",
      "resolved": "https://registry.npmjs.org/wired-divider/-/wired-divider-2.0.0-alpha.1.tgz",
      "integrity": "sha512-LhsA9XoCNdjXgWisuwxNt54py38wsooEW7gZhbu3gpCRzAOaIhRUvlizNjTVzUJV1yuUb2mlMqGsq0A0okdsxg==",
      "requires": {
        "wired-lib": "^2.0.0-alpha.1"
      }
    },
    "wired-elements": {
      "version": "2.0.0-alpha.4",
      "resolved": "https://registry.npmjs.org/wired-elements/-/wired-elements-2.0.0-alpha.4.tgz",
      "integrity": "sha512-5DiBA1yKWn36Q14iw3dy7RkNATZdbNIduhwT6/YDycIcCLiErHmILE+gRURi7/Ld9xZFzBZZvWki5N80r9uquA==",
      "requires": {
        "wired-button": "^2.0.0-alpha.3",
        "wired-calendar": "^2.0.0-alpha.1",
        "wired-card": "^2.0.0-alpha.1",
        "wired-checkbox": "^2.0.0-alpha.1",
        "wired-combo": "^2.0.0-alpha.4",
        "wired-dialog": "^2.0.0-alpha.1",
        "wired-divider": "^2.0.0-alpha.1",
        "wired-fab": "^2.0.0-alpha.1",
        "wired-icon-button": "^2.0.0-alpha.1",
        "wired-image": "^2.0.0-alpha.1",
        "wired-input": "^2.0.0-alpha.1",
        "wired-item": "^2.0.0-alpha.1",
        "wired-lib": "^2.0.0-alpha.1",
        "wired-link": "^2.0.0-alpha.1",
        "wired-listbox": "^2.0.0-alpha.1",
        "wired-progress": "^2.0.0-alpha.1",
        "wired-radio": "^2.0.0-alpha.1",
        "wired-radio-group": "^2.0.0-alpha.1",
        "wired-search-input": "^2.0.0-alpha.1",
        "wired-slider": "^2.0.0-alpha.1",
        "wired-spinner": "^2.0.0-alpha.1",
        "wired-tab": "^2.0.0-alpha.1",
        "wired-tabs": "^2.0.0-alpha.1",
        "wired-textarea": "^2.0.0-alpha.1",
        "wired-toggle": "^2.0.0-alpha.1",
        "wired-video": "^2.0.0-alpha.1"
      }
    },
    "wired-fab": {
      "version": "2.0.0-alpha.1",
      "resolved": "https://registry.npmjs.org/wired-fab/-/wired-fab-2.0.0-alpha.1.tgz",
      "integrity": "sha512-EUtd4elXKdq+Vb9gmVYnVJlVnh8nPEt8XP0MklgpsTyDwlINp54kDz/B5O9DqGHRWe0x3GehkGiQhT6mmDLEMw==",
      "requires": {
        "wired-lib": "^2.0.0-alpha.1"
      }
    },
    "wired-icon-button": {
      "version": "2.0.0-alpha.1",
      "resolved": "https://registry.npmjs.org/wired-icon-button/-/wired-icon-button-2.0.0-alpha.1.tgz",
      "integrity": "sha512-PEFbnCSkQiKZUO0WhfWZCyDGLgzElTc3wlBwacMPVWhr+fm1MSV4+IYNhYuqneqH9jm2pnll4fP8zwM0/SF/Pg==",
      "requires": {
        "wired-lib": "^2.0.0-alpha.1"
      }
    },
    "wired-image": {
      "version": "2.0.0-alpha.1",
      "resolved": "https://registry.npmjs.org/wired-image/-/wired-image-2.0.0-alpha.1.tgz",
      "integrity": "sha512-HBApJpKx19ofpV02d2Ko3AJKpooGOhjoi/QIAmKkjZjBxtO02c/NzEL3ow2lESOaomW8rxHtWrrCUm7K05pphA==",
      "requires": {
        "wired-lib": "^2.0.0-alpha.1"
      }
    },
    "wired-input": {
      "version": "2.0.0-alpha.1",
      "resolved": "https://registry.npmjs.org/wired-input/-/wired-input-2.0.0-alpha.1.tgz",
      "integrity": "sha512-iKc/gijfdaXWEx4Dx9rzi32aiBN0vXhlIpe76IptsDTowVu8pI8JSHqfjwGAAcj6Derv0ZXWbRdG9mOhrzjA/w==",
      "requires": {
        "wired-lib": "^2.0.0-alpha.1"
      }
    },
    "wired-item": {
      "version": "2.0.0-alpha.1",
      "resolved": "https://registry.npmjs.org/wired-item/-/wired-item-2.0.0-alpha.1.tgz",
      "integrity": "sha512-WvOuebOLrzYAgiQMXAuy4yMHFDqVDo6HI2ZXCDg0ENYkqjSldbBtQesMHMqXKzqUc3hNG4IIGSGWgys4DtNdGQ==",
      "requires": {
        "wired-lib": "^2.0.0-alpha.1"
      }
    },
    "wired-lib": {
      "version": "2.0.0-alpha.1",
      "resolved": "https://registry.npmjs.org/wired-lib/-/wired-lib-2.0.0-alpha.1.tgz",
      "integrity": "sha512-BlYXLNI6PbtC2I8d4mLuSCnzR7juElYPJDXOp02l56ZkkOJmdSOGao2KmVlo20ydlCFP8Bmez9lVrczkQJFr9A==",
      "requires": {
        "lit-element": "^2.2.1",
        "roughjs": "^3.1.0"
      }
    },
    "wired-link": {
      "version": "2.0.0-alpha.1",
      "resolved": "https://registry.npmjs.org/wired-link/-/wired-link-2.0.0-alpha.1.tgz",
      "integrity": "sha512-73zxfoXMB0QJIUSFJPrBFS8KBttcvCAz3FGSR5PZnKI2QlpBNTpe+BZoee1gCcdu3SAtPXb9ADAhopxcATjkCw==",
      "requires": {
        "wired-lib": "^2.0.0-alpha.1"
      }
    },
    "wired-listbox": {
      "version": "2.0.0-alpha.1",
      "resolved": "https://registry.npmjs.org/wired-listbox/-/wired-listbox-2.0.0-alpha.1.tgz",
      "integrity": "sha512-cRnWJINlprMAMbRiqfFU00CqQhMgzMFGWzA2KbuclyRfJYmS9NPIFVk36KweLyt1QbcfWF+v5bAsuFYwadxgWA==",
      "requires": {
        "wired-lib": "^2.0.0-alpha.1"
      }
    },
    "wired-progress": {
      "version": "2.0.0-alpha.1",
      "resolved": "https://registry.npmjs.org/wired-progress/-/wired-progress-2.0.0-alpha.1.tgz",
      "integrity": "sha512-FaT2ynNIwjcS8v4JKFzUCsdlNTsGpifi7zXHKu8miQO95Hw6zGrdsRSdXLYl1QzvQgF8zsG3gmtNi6Qq1byFaw==",
      "requires": {
        "wired-lib": "^2.0.0-alpha.1"
      }
    },
    "wired-radio": {
      "version": "2.0.0-alpha.1",
      "resolved": "https://registry.npmjs.org/wired-radio/-/wired-radio-2.0.0-alpha.1.tgz",
      "integrity": "sha512-B/EfTRe/KfS9RpE963MHyylLtIgBsQXsA4BDVpYN7GuOeLMRlOLs3eKSWw7A5o1NJFWn9lsnm+3EANl1YUFs6w==",
      "requires": {
        "wired-lib": "^2.0.0-alpha.1"
      }
    },
    "wired-radio-group": {
      "version": "2.0.0-alpha.1",
      "resolved": "https://registry.npmjs.org/wired-radio-group/-/wired-radio-group-2.0.0-alpha.1.tgz",
      "integrity": "sha512-d6Fd97oG0joiTAuXM8dkzmcOrZD7NcSKQzCTxPxfF4b8ElABSP8h/aqmPxbS35iymNUMM+RBZFQMeaHk9p6yzg==",
      "requires": {
        "wired-lib": "^2.0.0-alpha.1"
      }
    },
    "wired-search-input": {
      "version": "2.0.0-alpha.1",
      "resolved": "https://registry.npmjs.org/wired-search-input/-/wired-search-input-2.0.0-alpha.1.tgz",
      "integrity": "sha512-rHhg6Vr00laAzcq1BNqV5uGCAN7vyXipdC4JwsDYV8ktQNkTuN2Gy6h/mn8XD969tWyO4X+m9b6bIbwIqYXvrA==",
      "requires": {
        "wired-lib": "^2.0.0-alpha.1"
      }
    },
    "wired-slider": {
      "version": "2.0.0-alpha.1",
      "resolved": "https://registry.npmjs.org/wired-slider/-/wired-slider-2.0.0-alpha.1.tgz",
      "integrity": "sha512-YXNOZX9Y7E/yVQ6F/zG6QgzgYeUz9t+SuJ1BTNCxPivpgha5M7+VNlIL0a6x7iHBNvsUtOgW4k063plYWjkp8w==",
      "requires": {
        "wired-lib": "^2.0.0-alpha.1"
      }
    },
    "wired-spinner": {
      "version": "2.0.0-alpha.1",
      "resolved": "https://registry.npmjs.org/wired-spinner/-/wired-spinner-2.0.0-alpha.1.tgz",
      "integrity": "sha512-pdG8hgQv55SgXwJbchTkovolHe77OZ+Loi1tJsd/2aHKw/TZA9mBWTCawXNh9I4458HIf1Vpi8w34phHwXIxrQ==",
      "requires": {
        "wired-lib": "^2.0.0-alpha.1"
      }
    },
    "wired-tab": {
      "version": "2.0.0-alpha.1",
      "resolved": "https://registry.npmjs.org/wired-tab/-/wired-tab-2.0.0-alpha.1.tgz",
      "integrity": "sha512-CHfkRdzIvvgxis/6uFRRTu38/gvQN62p2jrrKpUraM/zYs0sHQhvKpoeWUO++vAxDbsoKSeTpBAvdS6nBCwTCg==",
      "requires": {
        "wired-item": "^2.0.0-alpha.1",
        "wired-lib": "^2.0.0-alpha.1"
      }
    },
    "wired-tabs": {
      "version": "2.0.0-alpha.1",
      "resolved": "https://registry.npmjs.org/wired-tabs/-/wired-tabs-2.0.0-alpha.1.tgz",
      "integrity": "sha512-JJiMclx3J/GHgyoj0pIV1LBogtiwnQwVzy7aMkvmggTn9MtgTNW4B1LgJ7aX/9PK6QgJS7sbDOi0SpWO2hjnoA==",
      "requires": {
        "wired-lib": "^2.0.0-alpha.1"
      }
    },
    "wired-textarea": {
      "version": "2.0.0-alpha.1",
      "resolved": "https://registry.npmjs.org/wired-textarea/-/wired-textarea-2.0.0-alpha.1.tgz",
      "integrity": "sha512-3GTtd+mEs64o+vyvqsLjiNMZWZ604UALDuWt9eoWLLFvXyFHZU3E7pcJ2fuhKwPYBeieamx+XaH7XQMcklGGuA==",
      "requires": {
        "wired-lib": "^2.0.0-alpha.1"
      }
    },
    "wired-toggle": {
      "version": "2.0.0-alpha.1",
      "resolved": "https://registry.npmjs.org/wired-toggle/-/wired-toggle-2.0.0-alpha.1.tgz",
      "integrity": "sha512-wNI7FFistCDEYl9uM+bFXFKQ7q94sYz+pO6526LzEbCJ1p2f7FOyA6jvpjWxeuMS9idoiRdf2paUnWvyWeTM+A==",
      "requires": {
        "wired-lib": "^2.0.0-alpha.1"
      }
    },
    "wired-video": {
      "version": "2.0.0-alpha.1",
      "resolved": "https://registry.npmjs.org/wired-video/-/wired-video-2.0.0-alpha.1.tgz",
      "integrity": "sha512-jdI5J+wqrcz7BmZOAmv1kKW8Cs4wmNqWHcAbq3Fx/8+7+hsCNFLqvcHSLiyJvtp9AGNWZxsGZs2tXeMyX9Ycaw==",
      "requires": {
        "wired-icon-button": "^2.0.0-alpha.1",
        "wired-lib": "^2.0.0-alpha.1",
        "wired-progress": "^2.0.0-alpha.1",
        "wired-slider": "^2.0.0-alpha.1"
      }
    },
    "workly": {
      "version": "1.3.0",
      "resolved": "https://registry.npmjs.org/workly/-/workly-1.3.0.tgz",
      "integrity": "sha512-eozpibnwnyvsWJEoADCfo3171Ncl4J/57PQnZN37eoVgQG7buf3KEpPNfewDKH4OXf3eAZaUAF57i4ko5zY9Cw=="
    }
  }
}
